
Microsoft Visual Studio Solution File, Format Version 12.00
# Visual Studio Version 17
VisualStudioVersion = 17.7.34031.279
MinimumVisualStudioVersion = 10.0.40219.1
Project("{FAE04EC0-301F-11D3-BF4B-00C04F79EFBC}") = "GestionBibliotheque_TP", "GestionBibliotheque_TP\GestionBibliotheque_TP.csproj", "{E9AD625E-09AE-4582-8E7C-90E08C014D00}"
EndProject
Global
	GlobalSection(SolutionConfigurationPlatforms) = preSolution
		Debug|Any CPU = Debug|Any CPU
		Release|Any CPU = Release|Any CPU
	EndGlobalSection
	GlobalSection(ProjectConfigurationPlatforms) = postSolution
		{E9AD625E-09AE-4582-8E7C-90E08C014D00}.Debug|Any CPU.ActiveCfg = Debug|Any CPU
		{E9AD625E-09AE-4582-8E7C-90E08C014D00}.Debug|Any CPU.Build.0 = Debug|Any CPU
		{E9AD625E-09AE-4582-8E7C-90E08C014D00}.Release|Any CPU.ActiveCfg = Release|Any CPU
		{E9AD625E-09AE-4582-8E7C-90E08C014D00}.Release|Any CPU.Build.0 = Release|Any CPU
	EndGlobalSection
	GlobalSection(SolutionProperties) = preSolution
		HideSolutionNode = FALSE
	EndGlobalSection
	GlobalSection(ExtensibilityGlobals) = postSolution
		SolutionGuid = {48315377-2EE4-423D-B9DE-36A7E2C03910}
	EndGlobalSection
EndGlobal
